
Microsoft Visual Studio Solution File, Format Version 12.00
# Visual Studio Version 17
VisualStudioVersion = 17.4.33403.182
MinimumVisualStudioVersion = 10.0.40219.1
Project("{FAE04EC0-301F-11D3-BF4B-00C04F79EFBC}") = "BookBorrowing.DATA", "BookBorrowing.DATA\BookBorrowing.DATA.csproj", "{74BFA525-EF93-4D82-ACAC-14DD7D5C025A}"
EndProject
Project("{FAE04EC0-301F-11D3-BF4B-00C04F79EFBC}") = "BookBorrowing.Web", "BookBorrowing.Web\BookBorrowing.Web.csproj", "{20F8C8F4-2E95-44CA-A524-CD62F9238719}"
EndProject
Global
	GlobalSection(SolutionConfigurationPlatforms) = preSolution
		Debug|Any CPU = Debug|Any CPU
		Release|Any CPU = Release|Any CPU
	EndGlobalSection
	GlobalSection(ProjectConfigurationPlatforms) = postSolution
		{74BFA525-EF93-4D82-ACAC-14DD7D5C025A}.Debug|Any CPU.ActiveCfg = Debug|Any CPU
		{74BFA525-EF93-4D82-ACAC-14DD7D5C025A}.Debug|Any CPU.Build.0 = Debug|Any CPU
		{74BFA525-EF93-4D82-ACAC-14DD7D5C025A}.Release|Any CPU.ActiveCfg = Release|Any CPU
		{74BFA525-EF93-4D82-ACAC-14DD7D5C025A}.Release|Any CPU.Build.0 = Release|Any CPU
		{20F8C8F4-2E95-44CA-A524-CD62F9238719}.Debug|Any CPU.ActiveCfg = Debug|Any CPU
		{20F8C8F4-2E95-44CA-A524-CD62F9238719}.Debug|Any CPU.Build.0 = Debug|Any CPU
		{20F8C8F4-2E95-44CA-A524-CD62F9238719}.Release|Any CPU.ActiveCfg = Release|Any CPU
		{20F8C8F4-2E95-44CA-A524-CD62F9238719}.Release|Any CPU.Build.0 = Release|Any CPU
	EndGlobalSection
	GlobalSection(SolutionProperties) = preSolution
		HideSolutionNode = FALSE
	EndGlobalSection
	GlobalSection(ExtensibilityGlobals) = postSolution
		SolutionGuid = {2AB6B388-E7C9-4135-9680-DA5C142EF2DC}
	EndGlobalSection
EndGlobal
